
Microsoft Visual Studio Solution File, Format Version 12.00
# Visual Studio Version 17
VisualStudioVersion = 17.1.32407.343
MinimumVisualStudioVersion = 10.0.40219.1
Project("{FAE04EC0-301F-11D3-BF4B-00C04F79EFBC}") = "TeamApi", "TeamApi\TeamApi.csproj", "{C17493E9-4148-4471-A645-D195315AC9B9}"
EndProject
Global
	GlobalSection(SolutionConfigurationPlatforms) = preSolution
		Debug|Any CPU = Debug|Any CPU
		Release|Any CPU = Release|Any CPU
	EndGlobalSection
	GlobalSection(ProjectConfigurationPlatforms) = postSolution
		{C17493E9-4148-4471-A645-D195315AC9B9}.Debug|Any CPU.ActiveCfg = Debug|Any CPU
		{C17493E9-4148-4471-A645-D195315AC9B9}.Debug|Any CPU.Build.0 = Debug|Any CPU
		{C17493E9-4148-4471-A645-D195315AC9B9}.Release|Any CPU.ActiveCfg = Release|Any CPU
		{C17493E9-4148-4471-A645-D195315AC9B9}.Release|Any CPU.Build.0 = Release|Any CPU
	EndGlobalSection
	GlobalSection(SolutionProperties) = preSolution
		HideSolutionNode = FALSE
	EndGlobalSection
	GlobalSection(ExtensibilityGlobals) = postSolution
		SolutionGuid = {09542EE9-31AA-4A5C-8A13-9BE74E32AF9E}
	EndGlobalSection
EndGlobal
